
Microsoft Visual Studio Solution File, Format Version 12.00
# Visual Studio Version 16
VisualStudioVersion = 16.0.30503.244
MinimumVisualStudioVersion = 10.0.40219.1
Project("{FAE04EC0-301F-11D3-BF4B-00C04F79EFBC}") = "FullCRUDimplementationWithJquery1310", "FullCRUDimplementationWithJquery1310\FullCRUDimplementationWithJquery1310.csproj", "{81ED169F-E276-41C2-AB49-7FCF689A84EB}"
EndProject
Global
	GlobalSection(SolutionConfigurationPlatforms) = preSolution
		Debug|Any CPU = Debug|Any CPU
		Release|Any CPU = Release|Any CPU
	EndGlobalSection
	GlobalSection(ProjectConfigurationPlatforms) = postSolution
		{81ED169F-E276-41C2-AB49-7FCF689A84EB}.Debug|Any CPU.ActiveCfg = Debug|Any CPU
		{81ED169F-E276-41C2-AB49-7FCF689A84EB}.Debug|Any CPU.Build.0 = Debug|Any CPU
		{81ED169F-E276-41C2-AB49-7FCF689A84EB}.Release|Any CPU.ActiveCfg = Release|Any CPU
		{81ED169F-E276-41C2-AB49-7FCF689A84EB}.Release|Any CPU.Build.0 = Release|Any CPU
	EndGlobalSection
	GlobalSection(SolutionProperties) = preSolution
		HideSolutionNode = FALSE
	EndGlobalSection
	GlobalSection(ExtensibilityGlobals) = postSolution
		SolutionGuid = {02D3DAAE-3FFB-47AC-A556-D0A3EC7E63C1}
	EndGlobalSection
EndGlobal
